
Microsoft Visual Studio Solution File, Format Version 12.00
# Visual Studio Version 17
VisualStudioVersion = 17.5.33530.505
MinimumVisualStudioVersion = 10.0.40219.1
Project("{FAE04EC0-301F-11D3-BF4B-00C04F79EFBC}") = "ExplosionsWithoutFireballs", "ExplosionsWithoutFireballs.csproj", "{6C1949BE-2404-4BA6-A52D-D522F39E7502}"
EndProject
Global
	GlobalSection(SolutionConfigurationPlatforms) = preSolution
		Debug|Any CPU = Debug|Any CPU
		Release|Any CPU = Release|Any CPU
	EndGlobalSection
	GlobalSection(ProjectConfigurationPlatforms) = postSolution
		{6C1949BE-2404-4BA6-A52D-D522F39E7502}.Debug|Any CPU.ActiveCfg = Debug|Any CPU
		{6C1949BE-2404-4BA6-A52D-D522F39E7502}.Debug|Any CPU.Build.0 = Debug|Any CPU
		{6C1949BE-2404-4BA6-A52D-D522F39E7502}.Release|Any CPU.ActiveCfg = Release|Any CPU
		{6C1949BE-2404-4BA6-A52D-D522F39E7502}.Release|Any CPU.Build.0 = Release|Any CPU
	EndGlobalSection
	GlobalSection(SolutionProperties) = preSolution
		HideSolutionNode = FALSE
	EndGlobalSection
	GlobalSection(ExtensibilityGlobals) = postSolution
		SolutionGuid = {B337C0D9-5D0D-43FC-9B86-6868B6E9D577}
	EndGlobalSection
EndGlobal
